
Microsoft Visual Studio Solution File, Format Version 12.00
# Visual Studio Version 16
VisualStudioVersion = 16.0.30104.148
MinimumVisualStudioVersion = 10.0.40219.1
Project("{FAE04EC0-301F-11D3-BF4B-00C04F79EFBC}") = "WpfApp1Tour_6AKIF_JaenV", "WpfApp1Tour_6AKIF_JaenV\WpfApp1Tour_6AKIF_JaenV.csproj", "{D7BA7362-CC8E-4D0F-A7FE-7455D460F971}"
EndProject
Global
	GlobalSection(SolutionConfigurationPlatforms) = preSolution
		Debug|Any CPU = Debug|Any CPU
		Release|Any CPU = Release|Any CPU
	EndGlobalSection
	GlobalSection(ProjectConfigurationPlatforms) = postSolution
		{D7BA7362-CC8E-4D0F-A7FE-7455D460F971}.Debug|Any CPU.ActiveCfg = Debug|Any CPU
		{D7BA7362-CC8E-4D0F-A7FE-7455D460F971}.Debug|Any CPU.Build.0 = Debug|Any CPU
		{D7BA7362-CC8E-4D0F-A7FE-7455D460F971}.Release|Any CPU.ActiveCfg = Release|Any CPU
		{D7BA7362-CC8E-4D0F-A7FE-7455D460F971}.Release|Any CPU.Build.0 = Release|Any CPU
	EndGlobalSection
	GlobalSection(SolutionProperties) = preSolution
		HideSolutionNode = FALSE
	EndGlobalSection
	GlobalSection(ExtensibilityGlobals) = postSolution
		SolutionGuid = {520CCB8B-B30A-4722-BBEF-11EC19876485}
	EndGlobalSection
EndGlobal
